# THIS IS AN AUTOGENERATED FILE. DO NOT EDIT THIS FILE DIRECTLY.
# yarn lockfile v1


"@babel/helper-module-imports@^7.18.6":
  version "7.21.4"
  resolved "https://registry.yarnpkg.com/@babel/helper-module-imports/-/helper-module-imports-7.21.4.tgz#ac88b2f76093637489e718a90cec6cf8a9b029af"
  integrity sha512-orajc5T2PsRYUN3ZryCEFeMDYwyw09c/pZeaQEZPH0MpKzSvn3e0uXsDBu3k03VI+9DBiRo+l22BfKTpKwa/Wg==
  dependencies:
    "@babel/types" "^7.21.4"

"@babel/helper-string-parser@^7.19.4":
  version "7.19.4"
  resolved "https://registry.yarnpkg.com/@babel/helper-string-parser/-/helper-string-parser-7.19.4.tgz#38d3acb654b4701a9b77fb0615a96f775c3a9e63"
  integrity sha512-nHtDoQcuqFmwYNYPz3Rah5ph2p8PFeFCsZk9A/48dPc/rGocJ5J3hAAZ7pb76VWX3fZKu+uEr/FhH5jLx7umrw==

"@babel/helper-validator-identifier@^7.19.1":
  version "7.19.1"
  resolved "https://registry.yarnpkg.com/@babel/helper-validator-identifier/-/helper-validator-identifier-7.19.1.tgz#7eea834cf32901ffdc1a7ee555e2f9c27e249ca2"
  integrity sha512-awrNfaMtnHUr653GgGEs++LlAvW6w+DcPrOliSMXWCKo597CwL5Acf/wWdNkf/tfEQE3mjkeD1YOVZOUV/od1w==

"@babel/types@^7.21.4":
  version "7.21.4"
  resolved "https://registry.yarnpkg.com/@babel/types/-/types-7.21.4.tgz#2d5d6bb7908699b3b416409ffd3b5daa25b030d4"
  integrity sha512-rU2oY501qDxE8Pyo7i/Orqma4ziCOrby0/9mvbDUGEfvZjb279Nk9k19e2fiCxHbRRpY2ZyrgW1eq22mvmOIzA==
  dependencies:
    "@babel/helper-string-parser" "^7.19.4"
    "@babel/helper-validator-identifier" "^7.19.1"
    to-fast-properties "^2.0.0"

"@rollup/plugin-babel@^6.0.3":
  version "6.0.3"
  resolved "https://registry.yarnpkg.com/@rollup/plugin-babel/-/plugin-babel-6.0.3.tgz#07ccde15de278c581673034ad6accdb4a153dfeb"
  integrity sha512-fKImZKppa1A/gX73eg4JGo+8kQr/q1HBQaCGKECZ0v4YBBv3lFqi14+7xyApECzvkLTHCifx+7ntcrvtBIRcpg==
  dependencies:
    "@babel/helper-module-imports" "^7.18.6"
    "@rollup/pluginutils" "^5.0.1"

"@rollup/pluginutils@^5.0.1":
  version "5.0.2"
  resolved "https://registry.yarnpkg.com/@rollup/pluginutils/-/pluginutils-5.0.2.tgz#012b8f53c71e4f6f9cb317e311df1404f56e7a33"
  integrity sha512-pTd9rIsP92h+B6wWwFbW8RkZv4hiR/xKsqre4SIuAOaOEQRxi0lqLke9k2/7WegC85GgUs9pjmOjCUi3In4vwA==
  dependencies:
    "@types/estree" "^1.0.0"
    estree-walker "^2.0.2"
    picomatch "^2.3.1"

"@types/estree@^1.0.0":
  version "1.0.1"
  resolved "https://registry.yarnpkg.com/@types/estree/-/estree-1.0.1.tgz#aa22750962f3bf0e79d753d3cc067f010c95f194"
  integrity sha512-LG4opVs2ANWZ1TJoKc937iMmNstM/d0ae1vNbnBvBhqCSezgVUOzcLCqbI5elV8Vy6WKwKjaqR+zO9VKirBBCA==

countup.js@^2.5.0:
  version "2.6.0"
  resolved "https://registry.yarnpkg.com/countup.js/-/countup.js-2.6.0.tgz#db25f37653c5ee996b4dfa03d1ab2f430c903fd1"
  integrity sha512-GeORCrCcaFUHP3RNf0/dWK+XQX+fsdtrMO31mNvsbKXNNG+DMTcgZ4dWpIG9BnOS8t5+iJbaRXgaaG9oLs0N4g==

estree-walker@^2.0.2:
  version "2.0.2"
  resolved "https://registry.yarnpkg.com/estree-walker/-/estree-walker-2.0.2.tgz#52f010178c2a4c117a7757cfe942adb7d2da4cac"
  integrity sha512-Rfkk/Mp/DL7JVje3u18FxFujQlTNR2q6QfMSMB7AvCBx91NGj/ba3kCfza0f6dVDbw7YlRf/nDrn7pQrCCyQ/w==

picomatch@^2.3.1:
  version "2.3.1"
  resolved "https://registry.yarnpkg.com/picomatch/-/picomatch-2.3.1.tgz#3ba3833733646d9d3e4995946c1365a67fb07a42"
  integrity sha512-JU3teHTNjmE2VCGFzuY8EXzCDVwEqB2a8fsIvwaStHhAWJEeVd1o1QD80CU6+ZdEXXSLbSsuLwJjkCBWqRQUVA==

react-countup@^6.4.2:
  version "6.4.2"
  resolved "https://registry.yarnpkg.com/react-countup/-/react-countup-6.4.2.tgz#cf8564c9381958a36c7c25f7c0769f7a472e4c99"
  integrity sha512-wdDrNb2lPFGbLb+i0FTgswPbWziubS6KZRII8NRpXmUCoZsi15PFbIHgBz60Dyxd4KPuRvwsK5aawIU4OPP3jA==
  dependencies:
    "@rollup/plugin-babel" "^6.0.3"
    countup.js "^2.5.0"

to-fast-properties@^2.0.0:
  version "2.0.0"
  resolved "https://registry.yarnpkg.com/to-fast-properties/-/to-fast-properties-2.0.0.tgz#dc5e698cbd079265bc73e0377681a4e4e83f616e"
  integrity sha512-/OaKK0xYrs3DmxRYqL/yDc+FxFUVYhDlXMhRmv3z915w2HF1tnN1omB354j8VUGO/hbRzyD6Y3sA7v7GS/ceog==
